
Microsoft Visual Studio Solution File, Format Version 12.00
Project("{FAE04EC0-301F-11D3-BF4B-00C04F79EFBC}") = "ChannelEngineTop5Orders.Core.Core", "src\ChannelEngineTop5Orders.Core\ChannelEngineTop5Orders.Core.Core.csproj", "{8515E50E-1B8C-471A-896C-5A5FE9D0A69E}"
EndProject
Global
	GlobalSection(SolutionConfigurationPlatforms) = preSolution
		Debug|Any CPU = Debug|Any CPU
		Release|Any CPU = Release|Any CPU
	EndGlobalSection
	GlobalSection(ProjectConfigurationPlatforms) = postSolution
		{8515E50E-1B8C-471A-896C-5A5FE9D0A69E}.Debug|Any CPU.ActiveCfg = Debug|Any CPU
		{8515E50E-1B8C-471A-896C-5A5FE9D0A69E}.Debug|Any CPU.Build.0 = Debug|Any CPU
		{8515E50E-1B8C-471A-896C-5A5FE9D0A69E}.Release|Any CPU.ActiveCfg = Release|Any CPU
		{8515E50E-1B8C-471A-896C-5A5FE9D0A69E}.Release|Any CPU.Build.0 = Release|Any CPU
	EndGlobalSection
EndGlobal
